schema: '2.0'
stages:
  tfrecords:
    cmd: papermill notebooks/albumentations_and_patchify-v1-sentinel.ipynb notebook_output/albumentations_and_patchify-v1-sentinel.ipynb
    deps:
    - path: Smaller_pond_sentinel_data_v1/Images/
      md5: b656bd5787bade1753ac1eca1ac39e94.dir
      size: 1153458432
      nfiles: 24
    - path: Smaller_pond_sentinel_data_v1/Masks/
      md5: efacf343d917c34e9556bac56137e12d.dir
      size: 312554862
      nfiles: 24
    - path: notebooks/albumentations_and_patchify-v1-sentinel.ipynb
      md5: b94d4621a805535d05a9d3ae5bb2eff4
      size: 60168
    params:
      params.yaml:
        tfrecords_creation.Image_patch_size:
        - 256
        - 256
        - 3
        tfrecords_creation.Mask_patch_size:
        - 256
        - 256
    outs:
    - path: tfrecords/
      md5: fe3e2fa86740249789e2e9d55d98909f.dir
      size: 7399210896
      nfiles: 15
  training:
    cmd: papermill notebooks/deeplabv3plus_squeeze_excitation.ipynb notebook_output/deeplabv3plus_squeeze_excitation.ipynb
    deps:
    - path: loss.py
      md5: d6cb8a1b8b32984dffa550f6174151b7
      size: 1437
    - path: notebooks/deeplabv3plus_squeeze_excitation.ipynb
      md5: e89147974f2b9b02b23ec227683108d0
      size: 23961
    - path: tfrecords/
      md5: fe3e2fa86740249789e2e9d55d98909f.dir
      size: 7399210896
      nfiles: 15
    params:
      params.yaml:
        model_params.Batch_size: 16
        model_params.Epochs: 10
        model_params.Image_patch_size:
        - 256
        - 256
        - 3
        model_params.Learning_rate: 0.0001
        model_params.Mask_patch_size:
        - 256
        - 256
        model_params.Number_of_classes: 2
        model_params.Optimizer: adamax
    outs:
    - path: confusion_matrix.png
      md5: e857a8ff857af7a1738a5b52c1202635
      size: 10239
    - path: evaluation/metrics.json
      md5: c56b934880c95b648b90c722ae15244b
      size: 415
    - path: evaluation/plots
      md5: d3a6b4375e3a40072a5b3bb6e323e4d6.dir
      size: 1933
      nfiles: 9
    - path: evaluation/report.html
      md5: 42b5b9f1c5bc84563bfe36314c9b4d02
      size: 32907
    - path: model_checkpoint/
      md5: 6e75cd9cf071f5cdaf6b0b52b11605cc.dir
      size: 158106464
      nfiles: 1
